<?xml version="1.0" encoding="utf-8"?>
<Project ToolsVersion="4.0" xmlns:atg="http://atg.xbox.com" xmlns="http://schemas.microsoft.com/developer/msbuild/2003">
  <ItemGroup>
    <Filter Include="Resource Files">
      <UniqueIdentifier>{8e114980-c1a3-4ada-ad7c-83caadf5daeb}</UniqueIdentifier>
      <Extensions>rc;ico;cur;bmp;dlg;rc2;rct;bin;rgs;gif;jpg;jpeg;jpe</Extensions>
    </Filter>
    <Filter Include="DXUT">
      <UniqueIdentifier>{a43c5c25-0e86-4a20-b64a-883785ff74fd}</UniqueIdentifier>
    </Filter>
    <Filter Include="Shaders">
      <UniqueIdentifier>{2c3d4c8c-5d1a-459a-a05a-a4e4b608a44e}</UniqueIdentifier>
      <Extensions>fx;fxh;hlsl</Extensions>
    </Filter>
    <Filter Include="Header Files">
      <UniqueIdentifier>{6ca51e89-52ab-4bde-b854-e14107d92b35}</UniqueIdentifier>
    </Filter>
    <Filter Include="Source Files">
      <UniqueIdentifier>{bca683fa-b3c5-4eb6-b9f4-2a1fac81b3a3}</UniqueIdentifier>
    </Filter>
  </ItemGroup>
  <ItemGroup>
    <None Include="DXUT\Optional\directx.ico">
      <Filter>Resource Files</Filter>
    </None>
  </ItemGroup>
  <ItemGroup>
    <ClCompile Include="channel.cpp">
      <Filter>Source Files</Filter>
    </ClCompile>
    <ClCompile Include="Scheduler.cpp">
      <Filter>Source Files</Filter>
    </ClCompile>
    <ClCompile Include="claccelerator.cpp">
      <Filter>Source Files</Filter>
    </ClCompile>
    <ClCompile Include="CompiledKernel.cpp">
      <Filter>Source Files</Filter>
    </ClCompile>
    <ClCompile Include="datablock.cpp">
      <Filter>Source Files</Filter>
    </ClCompile>
    <ClCompile Include="datablocktemplate.cpp">
      <Filter>Source Files</Filter>
    </ClCompile>
    <ClCompile Include="dxaccelerator.cpp">
      <Filter>Source Files</Filter>
    </ClCompile>
    <ClCompile Include="dxcodecache.cpp">
      <Filter>Source Files</Filter>
    </ClCompile>
    <ClCompile Include="dxtask.cpp">
      <Filter>Source Files</Filter>
    </ClCompile>
    <ClCompile Include="graph.cpp">
      <Filter>Source Files</Filter>
    </ClCompile>
    <ClCompile Include="graphInputChannel.cpp">
      <Filter>Source Files</Filter>
    </ClCompile>
    <ClCompile Include="graphOutputChannel.cpp">
      <Filter>Source Files</Filter>
    </ClCompile>
    <ClCompile Include="internalChannel.cpp">
      <Filter>Source Files</Filter>
    </ClCompile>
    <ClCompile Include="PDXBuffer.cpp">
      <Filter>Source Files</Filter>
    </ClCompile>
    <ClCompile Include="port.cpp">
      <Filter>Source Files</Filter>
    </ClCompile>
    <ClCompile Include="ptaskutils.cpp">
      <Filter>Source Files</Filter>
    </ClCompile>
    <ClCompile Include="InputPort.cpp">
      <Filter>Source Files</Filter>
    </ClCompile>
    <ClCompile Include="OutputPort.cpp">
      <Filter>Source Files</Filter>
    </ClCompile>
    <ClCompile Include="StickyPort.cpp">
      <Filter>Source Files</Filter>
    </ClCompile>
    <ClCompile Include="task.cpp">
      <Filter>Source Files</Filter>
    </ClCompile>
    <ClCompile Include="PTaskRuntime.cpp">
      <Filter>Source Files</Filter>
    </ClCompile>
    <ClCompile Include="hrperft.cpp">
      <Filter>Source Files</Filter>
    </ClCompile>
    <ClCompile Include="cutask.cpp">
      <Filter>Source Files</Filter>
    </ClCompile>
    <ClCompile Include="cuaccelerator.cpp">
      <Filter>Source Files</Filter>
    </ClCompile>
    <ClCompile Include="PCUBuffer.cpp">
      <Filter>Source Files</Filter>
    </ClCompile>
    <ClCompile Include="PCLBuffer.cpp">
      <Filter>Source Files</Filter>
    </ClCompile>
    <ClCompile Include="PBuffer.cpp">
      <Filter>Source Files</Filter>
    </ClCompile>
    <ClCompile Include="cltask.cpp">
      <Filter>Source Files</Filter>
    </ClCompile>
    <ClCompile Include="hostaccelerator.cpp">
      <Filter>Source Files</Filter>
    </ClCompile>
    <ClCompile Include="hosttask.cpp">
      <Filter>Source Files</Filter>
    </ClCompile>
    <ClCompile Include="PHBuffer.cpp">
      <Filter>Source Files</Filter>
    </ClCompile>
    <ClCompile Include="ptgc.cpp">
      <Filter>Source Files</Filter>
    </ClCompile>
    <ClCompile Include="MetaPort.cpp">
      <Filter>Source Files</Filter>
    </ClCompile>
    <ClCompile Include="InitializerPort.cpp">
      <Filter>Source Files</Filter>
    </ClCompile>
    <ClCompile Include="accelerator.cpp">
      <Filter>Source Files</Filter>
    </ClCompile>
    <ClCompile Include="PhysicalDevice.cpp">
      <Filter>Source Files</Filter>
    </ClCompile>
    <ClCompile Include="AcceleratorManager.cpp">
      <Filter>Source Files</Filter>
    </ClCompile>
    <ClCompile Include="Lockable.cpp">
      <Filter>Source Files</Filter>
    </ClCompile>
    <ClCompile Include="ReferenceCounted.cpp">
      <Filter>Source Files</Filter>
    </ClCompile>
    <ClCompile Include="MemorySpace.cpp">
      <Filter>Source Files</Filter>
    </ClCompile>
    <ClCompile Include="multichannel.cpp">
      <Filter>Source Files</Filter>
    </ClCompile>
    <ClCompile Include="InitializerChannel.cpp">
      <Filter>Source Files</Filter>
    </ClCompile>
    <ClCompile Include="Tracer.cpp">
      <Filter>Source Files</Filter>
    </ClCompile>
    <ClCompile Include="GeometryEstimator.cpp">
      <Filter>Source Files</Filter>
    </ClCompile>
    <ClCompile Include="AsyncContext.cpp">
      <Filter>Source Files</Filter>
    </ClCompile>
    <ClCompile Include="AsyncDependence.cpp">
      <Filter>Source Files</Filter>
    </ClCompile>
    <ClCompile Include="SyncPoint.cpp">
      <Filter>Source Files</Filter>
    </ClCompile>
    <ClCompile Include="CUAsyncContext.cpp">
      <Filter>Source Files</Filter>
    </ClCompile>
    <ClCompile Include="DXAsyncContext.cpp">
      <Filter>Source Files</Filter>
    </ClCompile>
    <ClCompile Include="CLAsyncContext.cpp">
      <Filter>Source Files</Filter>
    </ClCompile>
    <ClCompile Include="HostAsyncContext.cpp">
      <Filter>Source Files</Filter>
    </ClCompile>
    <ClCompile Include="shrperft.cpp">
      <Filter>Source Files</Filter>
    </ClCompile>
  </ItemGroup>
  <ItemGroup>
    <CLInclude Include="resource.h">
      <Filter>Resource Files</Filter>
    </CLInclude>
    <ResourceCompile Include="ptask.rc">
      <Filter>Resource Files</Filter>
    </ResourceCompile>
    <ClInclude Include="accelerator.h">
      <Filter>Header Files</Filter>
    </ClInclude>
    <ClInclude Include="channel.h">
      <Filter>Header Files</Filter>
    </ClInclude>
    <ClInclude Include="claccelerator.h">
      <Filter>Header Files</Filter>
    </ClInclude>
    <ClInclude Include="CompiledKernel.h">
      <Filter>Header Files</Filter>
    </ClInclude>
    <ClInclude Include="datablock.h">
      <Filter>Header Files</Filter>
    </ClInclude>
    <ClInclude Include="dxaccelerator.h">
      <Filter>Header Files</Filter>
    </ClInclude>
    <ClInclude Include="dxcodecache.h">
      <Filter>Header Files</Filter>
    </ClInclude>
    <ClInclude Include="dxtask.h">
      <Filter>Header Files</Filter>
    </ClInclude>
    <ClInclude Include="graph.h">
      <Filter>Header Files</Filter>
    </ClInclude>
    <ClInclude Include="task.h">
      <Filter>Header Files</Filter>
    </ClInclude>
    <ClInclude Include="Scheduler.h">
      <Filter>Header Files</Filter>
    </ClInclude>
    <ClInclude Include="port.h">
      <Filter>Header Files</Filter>
    </ClInclude>
    <ClInclude Include="PBuffer.h">
      <Filter>Header Files</Filter>
    </ClInclude>
    <ClInclude Include="datablocktemplate.h">
      <Filter>Header Files</Filter>
    </ClInclude>
    <ClInclude Include="graphInputChannel.h">
      <Filter>Header Files</Filter>
    </ClInclude>
    <ClInclude Include="graphOutputChannel.h">
      <Filter>Header Files</Filter>
    </ClInclude>
    <ClInclude Include="internalChannel.h">
      <Filter>Header Files</Filter>
    </ClInclude>
    <ClInclude Include="ptaskutils.h">
      <Filter>Header Files</Filter>
    </ClInclude>
    <ClInclude Include="PDXBuffer.h">
      <Filter>Header Files</Filter>
    </ClInclude>
    <ClInclude Include="symbiostypes.h">
      <Filter>Header Files</Filter>
    </ClInclude>
    <ClInclude Include="primitive_types.h">
      <Filter>Header Files</Filter>
    </ClInclude>
    <ClInclude Include="InputPort.h">
      <Filter>Header Files</Filter>
    </ClInclude>
    <ClInclude Include="OutputPort.h">
      <Filter>Header Files</Filter>
    </ClInclude>
    <ClInclude Include="StickyPort.h">
      <Filter>Header Files</Filter>
    </ClInclude>
    <ClInclude Include="PTaskRuntime.h">
      <Filter>Header Files</Filter>
    </ClInclude>
    <ClInclude Include="hrperft.h">
      <Filter>Header Files</Filter>
    </ClInclude>
    <ClInclude Include="cutask.h">
      <Filter>Header Files</Filter>
    </ClInclude>
    <ClInclude Include="cuaccelerator.h">
      <Filter>Header Files</Filter>
    </ClInclude>
    <ClInclude Include="PCUBuffer.h">
      <Filter>Header Files</Filter>
    </ClInclude>
    <ClInclude Include="PCLBuffer.h">
      <Filter>Header Files</Filter>
    </ClInclude>
    <ClInclude Include="cltask.h">
      <Filter>Header Files</Filter>
    </ClInclude>
    <ClInclude Include="hostaccelerator.h">
      <Filter>Header Files</Filter>
    </ClInclude>
    <ClInclude Include="hosttask.h">
      <Filter>Header Files</Filter>
    </ClInclude>
    <ClInclude Include="PHBuffer.h">
      <Filter>Header Files</Filter>
    </ClInclude>
    <ClInclude Include="ptgc.h">
      <Filter>Header Files</Filter>
    </ClInclude>
    <ClInclude Include="MetaPort.h">
      <Filter>Header Files</Filter>
    </ClInclude>
    <ClInclude Include="InitializerPort.h">
      <Filter>Header Files</Filter>
    </ClInclude>
    <ClInclude Include="PhysicalDevice.h">
      <Filter>Header Files</Filter>
    </ClInclude>
    <ClInclude Include="AcceleratorManager.h">
      <Filter>Header Files</Filter>
    </ClInclude>
    <ClInclude Include="Lockable.h">
      <Filter>Header Files</Filter>
    </ClInclude>
    <ClInclude Include="ReferenceCounted.h">
      <Filter>Header Files</Filter>
    </ClInclude>
    <ClInclude Include="MemorySpace.h">
      <Filter>Header Files</Filter>
    </ClInclude>
    <ClInclude Include="multichannel.h">
      <Filter>Header Files</Filter>
    </ClInclude>
    <ClInclude Include="InitializerChannel.h">
      <Filter>Header Files</Filter>
    </ClInclude>
    <ClInclude Include="Tracer.h">
      <Filter>Header Files</Filter>
    </ClInclude>
    <ClInclude Include="GeometryEstimator.h">
      <Filter>Header Files</Filter>
    </ClInclude>
    <ClInclude Include="AsyncContext.h">
      <Filter>Header Files</Filter>
    </ClInclude>
    <ClInclude Include="AsyncDependence.h">
      <Filter>Header Files</Filter>
    </ClInclude>
    <ClInclude Include="SyncPoint.h">
      <Filter>Header Files</Filter>
    </ClInclude>
    <ClInclude Include="CUAsyncContext.h">
      <Filter>Header Files</Filter>
    </ClInclude>
    <ClInclude Include="DXAsyncContext.h">
      <Filter>Header Files</Filter>
    </ClInclude>
    <ClInclude Include="CLAsyncContext.h">
      <Filter>Header Files</Filter>
    </ClInclude>
    <ClInclude Include="HostAsyncContext.h">
      <Filter>Header Files</Filter>
    </ClInclude>
    <ClInclude Include="shrperft.h">
      <Filter>Header Files</Filter>
    </ClInclude>
    <ClInclude Include="ptdxhdr.h">
      <Filter>Header Files</Filter>
    </ClInclude>
  </ItemGroup>
  <ItemGroup>
  </ItemGroup>
</Project>